{
  "name": "prettify-md-tables-hook",
  "lockfileVersion": 3,
  "requires": true,
  "packages": {
    "": {
      "name": "prettify-md-tables-hook",
      "dependencies": {
        "markdown-table-prettify": "^3.6.0"
      }
    },
    "node_modules/markdown-table-prettify": {
      "version": "3.7.0",
      "resolved": "https://registry.npmjs.org/markdown-table-prettify/-/markdown-table-prettify-3.7.0.tgz",
      "integrity": "sha512-woZ1X+u0HsTygXL5kcptMSDwnjU//3UKTOH6fGdaABSSLOxTdWjr2P6i7dVrru5t/pxyEOT48/skv/8m8/VqdA==",
      "license": "MIT",
      "bin": {
        "markdown-table-prettify": "cli/index.js"
      },
      "engines": {
        "vscode": "^1.103.0"
      }
    }
  }
}
