lockfile_version: '1'
generated_at: '2026-07-01T22:04:18.288502+00:00'
apm_version: 0.23.1
dependencies:
- repo_url: antonbabenko/terraform-skill
  name: terraform-skill
  host: github.com
  resolved_commit: b59d2be9ff4db8f835c8459e05e325ba11e3a21f
  resolved_ref: v1.17.1
  version: unknown
  package_type: skill_bundle
  content_hash: sha256:ad73d51bbfd9d20d256a83af38b57224cdab9662bd0a02348e71acd760db55f0
- repo_url: mattpocock/skills
  name: mattpocock-skills
  host: github.com
  resolved_commit: b38badf7091afc614dedffc03ea8c8ad2b643cb4
  version: b38badf
  package_type: marketplace_plugin
  content_hash: sha256:4ebae95119a5369a1b21fc16f9b202eaa0456419f654acf3f37831ef8347c756
  skill_subset:
  - grill-me
  - grill-with-docs
  - handoff
  - improve-codebase-architecture
  - setup-matt-pocock-skills
  - tdd
  - to-issues
  - to-prd
  - triage
